
Microsoft Visual Studio Solution File, Format Version 12.00
# Visual Studio Version 16
VisualStudioVersion = 16.0.33027.164
MinimumVisualStudioVersion = 10.0.40219.1
Project("{FAE04EC0-301F-11D3-BF4B-00C04F79EFBC}") = "1-ByteBank", "ByteBank\1-ByteBank.csproj", "{7C097541-2007-4C34-8D2D-702B9957AB44}"
EndProject
Project("{FAE04EC0-301F-11D3-BF4B-00C04F79EFBC}") = "2-ByteBank", "2-ByteBank\2-ByteBank.csproj", "{86D52C9D-FF36-412E-BF51-71D248115B80}"
EndProject
Project("{FAE04EC0-301F-11D3-BF4B-00C04F79EFBC}") = "3-Funcoes", "3-Funcoes\3-Funcoes.csproj", "{FFB3F3C9-AFA4-4ECA-9C33-38F3B4DE7764}"
EndProject
Global
	GlobalSection(SolutionConfigurationPlatforms) = preSolution
		Debug|Any CPU = Debug|Any CPU
		Release|Any CPU = Release|Any CPU
	EndGlobalSection
	GlobalSection(ProjectConfigurationPlatforms) = postSolution
		{7C097541-2007-4C34-8D2D-702B9957AB44}.Debug|Any CPU.ActiveCfg = Debug|Any CPU
		{7C097541-2007-4C34-8D2D-702B9957AB44}.Debug|Any CPU.Build.0 = Debug|Any CPU
		{7C097541-2007-4C34-8D2D-702B9957AB44}.Release|Any CPU.ActiveCfg = Release|Any CPU
		{7C097541-2007-4C34-8D2D-702B9957AB44}.Release|Any CPU.Build.0 = Release|Any CPU
		{86D52C9D-FF36-412E-BF51-71D248115B80}.Debug|Any CPU.ActiveCfg = Debug|Any CPU
		{86D52C9D-FF36-412E-BF51-71D248115B80}.Debug|Any CPU.Build.0 = Debug|Any CPU
		{86D52C9D-FF36-412E-BF51-71D248115B80}.Release|Any CPU.ActiveCfg = Release|Any CPU
		{86D52C9D-FF36-412E-BF51-71D248115B80}.Release|Any CPU.Build.0 = Release|Any CPU
		{FFB3F3C9-AFA4-4ECA-9C33-38F3B4DE7764}.Debug|Any CPU.ActiveCfg = Debug|Any CPU
		{FFB3F3C9-AFA4-4ECA-9C33-38F3B4DE7764}.Debug|Any CPU.Build.0 = Debug|Any CPU
		{FFB3F3C9-AFA4-4ECA-9C33-38F3B4DE7764}.Release|Any CPU.ActiveCfg = Release|Any CPU
		{FFB3F3C9-AFA4-4ECA-9C33-38F3B4DE7764}.Release|Any CPU.Build.0 = Release|Any CPU
	EndGlobalSection
	GlobalSection(SolutionProperties) = preSolution
		HideSolutionNode = FALSE
	EndGlobalSection
	GlobalSection(ExtensibilityGlobals) = postSolution
		SolutionGuid = {034E50B5-1E64-4EF0-94D5-FBB36947FF33}
	EndGlobalSection
EndGlobal
